
Microsoft Visual Studio Solution File, Format Version 12.00
# Visual Studio Version 18
VisualStudioVersion = 18.1.11304.174
MinimumVisualStudioVersion = 10.0.40219.1
Project("{9A19103F-16F7-4668-BE54-9A1E7A4F7556}") = "PlantCare.App", "PlantCare.App\PlantCare.App.csproj", "{0A4C56C9-88D3-48F4-98C8-F4C6D560FCAF}"
EndProject
Project("{9A19103F-16F7-4668-BE54-9A1E7A4F7556}") = "PlantCare.Data", "PlantCare.Data\PlantCare.Data.csproj", "{DE04DDB9-6B84-4CC8-8FA8-FC27F285ED3A}"
EndProject
Project("{2150E333-8FDC-42A3-9474-1A3956D46DE8}") = "documents", "documents", "{5D69017E-E8FD-4F57-9B81-A8CB3F071C47}"
	ProjectSection(SolutionItems) = preProject
		docs\ARCHITECTURE.md = docs\ARCHITECTURE.md
		documents\notes.md = documents\notes.md
		documents\notes_debounce.md = documents\notes_debounce.md
	EndProjectSection
EndProject
Project("{FAE04EC0-301F-11D3-BF4B-00C04F79EFBC}") = "PlantCare.App.Tests", "PlantCare.App.Tests\PlantCare.App.Tests.csproj", "{5DEF9AFC-7B2B-4EC2-A7D7-116E2AA1F296}"
EndProject
Project("{2150E333-8FDC-42A3-9474-1A3956D46DE8}") = "Solution Items", "Solution Items", "{6DA92A57-6B8A-4C4A-975A-2B93279BE702}"
	ProjectSection(SolutionItems) = preProject
		README.md = README.md
	EndProjectSection
EndProject
Global
	GlobalSection(SolutionConfigurationPlatforms) = preSolution
		Debug|Any CPU = Debug|Any CPU
		Release|Any CPU = Release|Any CPU
	EndGlobalSection
	GlobalSection(ProjectConfigurationPlatforms) = postSolution
		{0A4C56C9-88D3-48F4-98C8-F4C6D560FCAF}.Debug|Any CPU.ActiveCfg = Debug|Any CPU
		{0A4C56C9-88D3-48F4-98C8-F4C6D560FCAF}.Debug|Any CPU.Build.0 = Debug|Any CPU
		{0A4C56C9-88D3-48F4-98C8-F4C6D560FCAF}.Debug|Any CPU.Deploy.0 = Debug|Any CPU
		{0A4C56C9-88D3-48F4-98C8-F4C6D560FCAF}.Release|Any CPU.ActiveCfg = Release|Any CPU
		{0A4C56C9-88D3-48F4-98C8-F4C6D560FCAF}.Release|Any CPU.Build.0 = Release|Any CPU
		{0A4C56C9-88D3-48F4-98C8-F4C6D560FCAF}.Release|Any CPU.Deploy.0 = Release|Any CPU
		{DE04DDB9-6B84-4CC8-8FA8-FC27F285ED3A}.Debug|Any CPU.ActiveCfg = Debug|Any CPU
		{DE04DDB9-6B84-4CC8-8FA8-FC27F285ED3A}.Debug|Any CPU.Build.0 = Debug|Any CPU
		{DE04DDB9-6B84-4CC8-8FA8-FC27F285ED3A}.Release|Any CPU.ActiveCfg = Release|Any CPU
		{DE04DDB9-6B84-4CC8-8FA8-FC27F285ED3A}.Release|Any CPU.Build.0 = Release|Any CPU
		{5DEF9AFC-7B2B-4EC2-A7D7-116E2AA1F296}.Debug|Any CPU.ActiveCfg = Debug|Any CPU
		{5DEF9AFC-7B2B-4EC2-A7D7-116E2AA1F296}.Debug|Any CPU.Build.0 = Debug|Any CPU
		{5DEF9AFC-7B2B-4EC2-A7D7-116E2AA1F296}.Release|Any CPU.ActiveCfg = Release|Any CPU
		{5DEF9AFC-7B2B-4EC2-A7D7-116E2AA1F296}.Release|Any CPU.Build.0 = Release|Any CPU
	EndGlobalSection
	GlobalSection(SolutionProperties) = preSolution
		HideSolutionNode = FALSE
	EndGlobalSection
	GlobalSection(ExtensibilityGlobals) = postSolution
		SolutionGuid = {A9F4E50D-5BA5-4DDA-BB0D-7E8D90CC2E3E}
	EndGlobalSection
EndGlobal
